
Microsoft Visual Studio Solution File, Format Version 12.00
# Visual Studio Version 17
VisualStudioVersion = 17.1.32228.430
MinimumVisualStudioVersion = 10.0.40219.1
Project("{FAE04EC0-301F-11D3-BF4B-00C04F79EFBC}") = "test", "Adam_Blah_Test030522\test.csproj", "{052590E2-F469-403D-958F-D23FF60798CB}"
EndProject
Global
	GlobalSection(SolutionConfigurationPlatforms) = preSolution
		Debug|Any CPU = Debug|Any CPU
		Release|Any CPU = Release|Any CPU
	EndGlobalSection
	GlobalSection(ProjectConfigurationPlatforms) = postSolution
		{052590E2-F469-403D-958F-D23FF60798CB}.Debug|Any CPU.ActiveCfg = Debug|Any CPU
		{052590E2-F469-403D-958F-D23FF60798CB}.Debug|Any CPU.Build.0 = Debug|Any CPU
		{052590E2-F469-403D-958F-D23FF60798CB}.Release|Any CPU.ActiveCfg = Release|Any CPU
		{052590E2-F469-403D-958F-D23FF60798CB}.Release|Any CPU.Build.0 = Release|Any CPU
	EndGlobalSection
	GlobalSection(SolutionProperties) = preSolution
		HideSolutionNode = FALSE
	EndGlobalSection
	GlobalSection(ExtensibilityGlobals) = postSolution
		SolutionGuid = {B7077129-5B9C-4466-9C6F-7CA5DBCA5D3B}
	EndGlobalSection
EndGlobal
